// !$*UTF8*$!
{
	archiveVersion = 1;
	classes = {
	};
	objectVersion = 56;
	objects = {

/* Begin PBXBuildFile section */
		B6103E772BF4B4DA005EC543 /* GameDetail.swift in Sources */ = {isa = PBXBuildFile; fileRef = B6103E762BF4B4DA005EC543 /* GameDetail.swift */; };
		B63C09A72BF4AC3100B5EB34 /* ModelData.swift in Sources */ = {isa = PBXBuildFile; fileRef = B63C09A62BF4AC3100B5EB34 /* ModelData.swift */; };
		B63C09A82BF4AC3100B5EB34 /* ModelData.swift in Sources */ = {isa = PBXBuildFile; fileRef = B63C09A62BF4AC3100B5EB34 /* ModelData.swift */; };
		B63C09A92BF4AC7400B5EB34 /* games.json in Resources */ = {isa = PBXBuildFile; fileRef = B63C09A52BF4A8CC00B5EB34 /* games.json */; };
		B63C09AA2BF4AC7500B5EB34 /* games.json in Resources */ = {isa = PBXBuildFile; fileRef = B63C09A52BF4A8CC00B5EB34 /* games.json */; };
		B63C09AC2BF4B0CD00B5EB34 /* GameRow.swift in Sources */ = {isa = PBXBuildFile; fileRef = B63C09AB2BF4B0CD00B5EB34 /* GameRow.swift */; };
		B63C09AD2BF4B0CD00B5EB34 /* GameRow.swift in Sources */ = {isa = PBXBuildFile; fileRef = B63C09AB2BF4B0CD00B5EB34 /* GameRow.swift */; };
		B6574EE02BF7BD5C00F9B841 /* LocationManager.swift in Sources */ = {isa = PBXBuildFile; fileRef = B6574EDF2BF7BD5C00F9B841 /* LocationManager.swift */; };
		B6574EE12BF7D57200F9B841 /* LocationManager.swift in Sources */ = {isa = PBXBuildFile; fileRef = B6574EDF2BF7BD5C00F9B841 /* LocationManager.swift */; };
		B668A58A2BF563B4007501B3 /* Assets.xcassets in Resources */ = {isa = PBXBuildFile; fileRef = B6ACAE2D2BF247C200281285 /* Assets.xcassets */; };
		B68135152BF3A896009270E7 /* GameOptionsView.swift in Sources */ = {isa = PBXBuildFile; fileRef = B68135142BF3A896009270E7 /* GameOptionsView.swift */; };
		B68135162BF3A896009270E7 /* GameOptionsView.swift in Sources */ = {isa = PBXBuildFile; fileRef = B68135142BF3A896009270E7 /* GameOptionsView.swift */; };
		B681351B2BF3A8FF009270E7 /* GamesList.swift in Sources */ = {isa = PBXBuildFile; fileRef = B681351A2BF3A8FF009270E7 /* GamesList.swift */; };
		B681351E2BF3A9A4009270E7 /* Game.swift in Sources */ = {isa = PBXBuildFile; fileRef = B681351D2BF3A9A4009270E7 /* Game.swift */; };
		B681351F2BF3A9A4009270E7 /* Game.swift in Sources */ = {isa = PBXBuildFile; fileRef = B681351D2BF3A9A4009270E7 /* Game.swift */; };
		B69B595B2BF512B400B1D0DD /* GamesList.swift in Sources */ = {isa = PBXBuildFile; fileRef = B681351A2BF3A8FF009270E7 /* GamesList.swift */; };
		B69B595C2BF512B800B1D0DD /* GameDetail.swift in Sources */ = {isa = PBXBuildFile; fileRef = B6103E762BF4B4DA005EC543 /* GameDetail.swift */; };
		B6ACAE2A2BF247C200281285 /* dragonradarApp.swift in Sources */ = {isa = PBXBuildFile; fileRef = B6ACAE292BF247C100281285 /* dragonradarApp.swift */; };
		B6ACAE2C2BF247C200281285 /* ContentView.swift in Sources */ = {isa = PBXBuildFile; fileRef = B6ACAE2B2BF247C200281285 /* ContentView.swift */; };
		B6ACAE312BF247C200281285 /* Preview Assets.xcassets in Resources */ = {isa = PBXBuildFile; fileRef = B6ACAE302BF247C200281285 /* Preview Assets.xcassets */; };
		B6ACAE372BF247C200281285 /* dragonradar Watch App.app in Embed Watch Content */ = {isa = PBXBuildFile; fileRef = B6ACAE362BF247C200281285 /* dragonradar Watch App.app */; platformFilter = ios; settings = {ATTRIBUTES = (RemoveHeadersOnCopy, ); }; };
		B6ACAE3C2BF247C200281285 /* dragonradarApp.swift in Sources */ = {isa = PBXBuildFile; fileRef = B6ACAE3B2BF247C200281285 /* dragonradarApp.swift */; };
		B6ACAE3E2BF247C200281285 /* ContentView.swift in Sources */ = {isa = PBXBuildFile; fileRef = B6ACAE3D2BF247C200281285 /* ContentView.swift */; };
		B6ACAE402BF247C300281285 /* Assets.xcassets in Resources */ = {isa = PBXBuildFile; fileRef = B6ACAE3F2BF247C300281285 /* Assets.xcassets */; };
		B6ACAE432BF247C300281285 /* Preview Assets.xcassets in Resources */ = {isa = PBXBuildFile; fileRef = B6ACAE422BF247C300281285 /* Preview Assets.xcassets */; };
		B6D1943A2BF751ED0062DADE /* MapView.swift in Sources */ = {isa = PBXBuildFile; fileRef = B6D194392BF751ED0062DADE /* MapView.swift */; };
		B6D1943B2BF751ED0062DADE /* MapView.swift in Sources */ = {isa = PBXBuildFile; fileRef = B6D194392BF751ED0062DADE /* MapView.swift */; };
/* End PBXBuildFile section */

/* Begin PBXContainerItemProxy section */
		B6ACAE382BF247C200281285 /* PBXContainerItemProxy */ = {
			isa = PBXContainerItemProxy;
			containerPortal = B6ACAE1E2BF247C100281285 /* Project object */;
			proxyType = 1;
			remoteGlobalIDString = B6ACAE352BF247C200281285;
			remoteInfo = "dragonradar Watch App";
		};
/* End PBXContainerItemProxy section */

/* Begin PBXCopyFilesBuildPhase section */
		B6ACAE492BF247C300281285 /* Embed Watch Content */ = {
			isa = PBXCopyFilesBuildPhase;
			buildActionMask = 2147483647;
			dstPath = "$(CONTENTS_FOLDER_PATH)/Watch";
			dstSubfolderSpec = 16;
			files = (
				B6ACAE372BF247C200281285 /* dragonradar Watch App.app in Embed Watch Content */,
			);
			name = "Embed Watch Content";
			runOnlyForDeploymentPostprocessing = 0;
		};
/* End PBXCopyFilesBuildPhase section */

/* Begin PBXFileReference section */
		B6103E762BF4B4DA005EC543 /* GameDetail.swift */ = {isa = PBXFileReference; lastKnownFileType = sourcecode.swift; path = GameDetail.swift; sourceTree = "<group>"; };
		B63C09A52BF4A8CC00B5EB34 /* games.json */ = {isa = PBXFileReference; lastKnownFileType = text.json; path = games.json; sourceTree = "<group>"; };
		B63C09A62BF4AC3100B5EB34 /* ModelData.swift */ = {isa = PBXFileReference; lastKnownFileType = sourcecode.swift; path = ModelData.swift; sourceTree = "<group>"; };
		B63C09AB2BF4B0CD00B5EB34 /* GameRow.swift */ = {isa = PBXFileReference; lastKnownFileType = sourcecode.swift; path = GameRow.swift; sourceTree = "<group>"; };
		B63C0E5A2BF56DC3008BA45E /* dragonradar.entitlements */ = {isa = PBXFileReference; lastKnownFileType = text.plist.entitlements; path = dragonradar.entitlements; sourceTree = "<group>"; };
		B6574EDF2BF7BD5C00F9B841 /* LocationManager.swift */ = {isa = PBXFileReference; lastKnownFileType = sourcecode.swift; path = LocationManager.swift; sourceTree = "<group>"; };
		B68135142BF3A896009270E7 /* GameOptionsView.swift */ = {isa = PBXFileReference; lastKnownFileType = sourcecode.swift; path = GameOptionsView.swift; sourceTree = "<group>"; };
		B681351A2BF3A8FF009270E7 /* GamesList.swift */ = {isa = PBXFileReference; lastKnownFileType = sourcecode.swift; path = GamesList.swift; sourceTree = "<group>"; };
		B681351D2BF3A9A4009270E7 /* Game.swift */ = {isa = PBXFileReference; lastKnownFileType = sourcecode.swift; path = Game.swift; sourceTree = "<group>"; };
		B6ACAE262BF247C100281285 /* dragonradar.app */ = {isa = PBXFileReference; explicitFileType = wrapper.application; includeInIndex = 0; path = dragonradar.app; sourceTree = BUILT_PRODUCTS_DIR; };
		B6ACAE292BF247C100281285 /* dragonradarApp.swift */ = {isa = PBXFileReference; lastKnownFileType = sourcecode.swift; path = dragonradarApp.swift; sourceTree = "<group>"; };
		B6ACAE2B2BF247C200281285 /* ContentView.swift */ = {isa = PBXFileReference; lastKnownFileType = sourcecode.swift; path = ContentView.swift; sourceTree = "<group>"; };
		B6ACAE2D2BF247C200281285 /* Assets.xcassets */ = {isa = PBXFileReference; lastKnownFileType = folder.assetcatalog; path = Assets.xcassets; sourceTree = "<group>"; };
		B6ACAE302BF247C200281285 /* Preview Assets.xcassets */ = {isa = PBXFileReference; lastKnownFileType = folder.assetcatalog; path = "Preview Assets.xcassets"; sourceTree = "<group>"; };
		B6ACAE362BF247C200281285 /* dragonradar Watch App.app */ = {isa = PBXFileReference; explicitFileType = wrapper.application; includeInIndex = 0; path = "dragonradar Watch App.app"; sourceTree = BUILT_PRODUCTS_DIR; };
		B6ACAE3B2BF247C200281285 /* dragonradarApp.swift */ = {isa = PBXFileReference; lastKnownFileType = sourcecode.swift; path = dragonradarApp.swift; sourceTree = "<group>"; };
		B6ACAE3D2BF247C200281285 /* ContentView.swift */ = {isa = PBXFileReference; lastKnownFileType = sourcecode.swift; path = ContentView.swift; sourceTree = "<group>"; };
		B6ACAE3F2BF247C300281285 /* Assets.xcassets */ = {isa = PBXFileReference; lastKnownFileType = folder.assetcatalog; path = Assets.xcassets; sourceTree = "<group>"; };
		B6ACAE422BF247C300281285 /* Preview Assets.xcassets */ = {isa = PBXFileReference; lastKnownFileType = folder.assetcatalog; path = "Preview Assets.xcassets"; sourceTree = "<group>"; };
		B6ACAE4D2BF2492800281285 /* README.md */ = {isa = PBXFileReference; lastKnownFileType = net.daringfireball.markdown; path = README.md; sourceTree = "<group>"; };
		B6D194392BF751ED0062DADE /* MapView.swift */ = {isa = PBXFileReference; lastKnownFileType = sourcecode.swift; path = MapView.swift; sourceTree = "<group>"; };
/* End PBXFileReference section */

/* Begin PBXFrameworksBuildPhase section */
		B6ACAE232BF247C100281285 /* Frameworks */ = {
			isa = PBXFrameworksBuildPhase;
			buildActionMask = 2147483647;
			files = (
			);
			runOnlyForDeploymentPostprocessing = 0;
		};
		B6ACAE332BF247C200281285 /* Frameworks */ = {
			isa = PBXFrameworksBuildPhase;
			buildActionMask = 2147483647;
			files = (
			);
			runOnlyForDeploymentPostprocessing = 0;
		};
/* End PBXFrameworksBuildPhase section */

/* Begin PBXGroup section */
		B63C09A22BF4A88F00B5EB34 /* Views */ = {
			isa = PBXGroup;
			children = (
				B68135142BF3A896009270E7 /* GameOptionsView.swift */,
				B681351A2BF3A8FF009270E7 /* GamesList.swift */,
				B63C09AB2BF4B0CD00B5EB34 /* GameRow.swift */,
				B6103E762BF4B4DA005EC543 /* GameDetail.swift */,
				B6D194392BF751ED0062DADE /* MapView.swift */,
			);
			path = Views;
			sourceTree = "<group>";
		};
		B63C09A32BF4A89C00B5EB34 /* Model */ = {
			isa = PBXGroup;
			children = (
				B681351D2BF3A9A4009270E7 /* Game.swift */,
				B63C09A62BF4AC3100B5EB34 /* ModelData.swift */,
				B63C09A42BF4A8B000B5EB34 /* Resources */,
			);
			path = Model;
			sourceTree = "<group>";
		};
		B63C09A42BF4A8B000B5EB34 /* Resources */ = {
			isa = PBXGroup;
			children = (
				B63C09A52BF4A8CC00B5EB34 /* games.json */,
			);
			path = Resources;
			sourceTree = "<group>";
		};
		B68135102BF3A121009270E7 /* Shared */ = {
			isa = PBXGroup;
			children = (
				B6574EDF2BF7BD5C00F9B841 /* LocationManager.swift */,
				B63C09A32BF4A89C00B5EB34 /* Model */,
				B63C09A22BF4A88F00B5EB34 /* Views */,
			);
			path = Shared;
			sourceTree = "<group>";
		};
		B6ACAE1D2BF247C100281285 = {
			isa = PBXGroup;
			children = (
				B6ACAE4D2BF2492800281285 /* README.md */,
				B6ACAE282BF247C100281285 /* dragonradar */,
				B68135102BF3A121009270E7 /* Shared */,
				B6ACAE3A2BF247C200281285 /* dragonradar Watch App */,
				B6ACAE272BF247C100281285 /* Products */,
			);
			sourceTree = "<group>";
		};
		B6ACAE272BF247C100281285 /* Products */ = {
			isa = PBXGroup;
			children = (
				B6ACAE262BF247C100281285 /* dragonradar.app */,
				B6ACAE362BF247C200281285 /* dragonradar Watch App.app */,
			);
			name = Products;
			sourceTree = "<group>";
		};
		B6ACAE282BF247C100281285 /* dragonradar */ = {
			isa = PBXGroup;
			children = (
				B63C0E5A2BF56DC3008BA45E /* dragonradar.entitlements */,
				B6ACAE292BF247C100281285 /* dragonradarApp.swift */,
				B6ACAE2B2BF247C200281285 /* ContentView.swift */,
				B6ACAE2D2BF247C200281285 /* Assets.xcassets */,
				B6ACAE2F2BF247C200281285 /* Preview Content */,
			);
			path = dragonradar;
			sourceTree = "<group>";
		};
		B6ACAE2F2BF247C200281285 /* Preview Content */ = {
			isa = PBXGroup;
			children = (
				B6ACAE302BF247C200281285 /* Preview Assets.xcassets */,
			);
			path = "Preview Content";
			sourceTree = "<group>";
		};
		B6ACAE3A2BF247C200281285 /* dragonradar Watch App */ = {
			isa = PBXGroup;
			children = (
				B6ACAE3B2BF247C200281285 /* dragonradarApp.swift */,
				B6ACAE3D2BF247C200281285 /* ContentView.swift */,
				B6ACAE3F2BF247C300281285 /* Assets.xcassets */,
				B6ACAE412BF247C300281285 /* Preview Content */,
			);
			path = "dragonradar Watch App";
			sourceTree = "<group>";
		};
		B6ACAE412BF247C300281285 /* Preview Content */ = {
			isa = PBXGroup;
			children = (
				B6ACAE422BF247C300281285 /* Preview Assets.xcassets */,
			);
			path = "Preview Content";
			sourceTree = "<group>";
		};
/* End PBXGroup section */

/* Begin PBXNativeTarget section */
		B6ACAE252BF247C100281285 /* dragonradar */ = {
			isa = PBXNativeTarget;
			buildConfigurationList = B6ACAE4A2BF247C300281285 /* Build configuration list for PBXNativeTarget "dragonradar" */;
			buildPhases = (
				B6ACAE222BF247C100281285 /* Sources */,
				B6ACAE232BF247C100281285 /* Frameworks */,
				B6ACAE242BF247C100281285 /* Resources */,
				B6ACAE492BF247C300281285 /* Embed Watch Content */,
			);
			buildRules = (
			);
			dependencies = (
				B6ACAE392BF247C200281285 /* PBXTargetDependency */,
			);
			name = dragonradar;
			productName = dragonradar;
			productReference = B6ACAE262BF247C100281285 /* dragonradar.app */;
			productType = "com.apple.product-type.application";
		};
		B6ACAE352BF247C200281285 /* dragonradar Watch App */ = {
			isa = PBXNativeTarget;
			buildConfigurationList = B6ACAE462BF247C300281285 /* Build configuration list for PBXNativeTarget "dragonradar Watch App" */;
			buildPhases = (
				B6ACAE322BF247C200281285 /* Sources */,
				B6ACAE332BF247C200281285 /* Frameworks */,
				B6ACAE342BF247C200281285 /* Resources */,
			);
			buildRules = (
			);
			dependencies = (
			);
			name = "dragonradar Watch App";
			productName = "dragonradar Watch App";
			productReference = B6ACAE362BF247C200281285 /* dragonradar Watch App.app */;
			productType = "com.apple.product-type.application";
		};
/* End PBXNativeTarget section */

/* Begin PBXProject section */
		B6ACAE1E2BF247C100281285 /* Project object */ = {
			isa = PBXProject;
			attributes = {
				BuildIndependentTargetsInParallel = 1;
				LastSwiftUpdateCheck = 1530;
				LastUpgradeCheck = 1530;
				TargetAttributes = {
					B6ACAE252BF247C100281285 = {
						CreatedOnToolsVersion = 15.3;
					};
					B6ACAE352BF247C200281285 = {
						CreatedOnToolsVersion = 15.3;
					};
				};
			};
			buildConfigurationList = B6ACAE212BF247C100281285 /* Build configuration list for PBXProject "dragonradar" */;
			compatibilityVersion = "Xcode 14.0";
			developmentRegion = en;
			hasScannedForEncodings = 0;
			knownRegions = (
				en,
				Base,
			);
			mainGroup = B6ACAE1D2BF247C100281285;
			productRefGroup = B6ACAE272BF247C100281285 /* Products */;
			projectDirPath = "";
			projectRoot = "";
			targets = (
				B6ACAE252BF247C100281285 /* dragonradar */,
				B6ACAE352BF247C200281285 /* dragonradar Watch App */,
			);
		};
/* End PBXProject section */

/* Begin PBXResourcesBuildPhase section */
		B6ACAE242BF247C100281285 /* Resources */ = {
			isa = PBXResourcesBuildPhase;
			buildActionMask = 2147483647;
			files = (
				B6ACAE312BF247C200281285 /* Preview Assets.xcassets in Resources */,
				B668A58A2BF563B4007501B3 /* Assets.xcassets in Resources */,
				B63C09A92BF4AC7400B5EB34 /* games.json in Resources */,
			);
			runOnlyForDeploymentPostprocessing = 0;
		};
		B6ACAE342BF247C200281285 /* Resources */ = {
			isa = PBXResourcesBuildPhase;
			buildActionMask = 2147483647;
			files = (
				B6ACAE432BF247C300281285 /* Preview Assets.xcassets in Resources */,
				B63C09AA2BF4AC7500B5EB34 /* games.json in Resources */,
				B6ACAE402BF247C300281285 /* Assets.xcassets in Resources */,
			);
			runOnlyForDeploymentPostprocessing = 0;
		};
/* End PBXResourcesBuildPhase section */

/* Begin PBXSourcesBuildPhase section */
		B6ACAE222BF247C100281285 /* Sources */ = {
			isa = PBXSourcesBuildPhase;
			buildActionMask = 2147483647;
			files = (
				B6ACAE2C2BF247C200281285 /* ContentView.swift in Sources */,
				B681351E2BF3A9A4009270E7 /* Game.swift in Sources */,
				B6574EE02BF7BD5C00F9B841 /* LocationManager.swift in Sources */,
				B63C09AC2BF4B0CD00B5EB34 /* GameRow.swift in Sources */,
				B68135152BF3A896009270E7 /* GameOptionsView.swift in Sources */,
				B681351B2BF3A8FF009270E7 /* GamesList.swift in Sources */,
				B6ACAE2A2BF247C200281285 /* dragonradarApp.swift in Sources */,
				B6D1943A2BF751ED0062DADE /* MapView.swift in Sources */,
				B6103E772BF4B4DA005EC543 /* GameDetail.swift in Sources */,
				B63C09A72BF4AC3100B5EB34 /* ModelData.swift in Sources */,
			);
			runOnlyForDeploymentPostprocessing = 0;
		};
		B6ACAE322BF247C200281285 /* Sources */ = {
			isa = PBXSourcesBuildPhase;
			buildActionMask = 2147483647;
			files = (
				B6ACAE3E2BF247C200281285 /* ContentView.swift in Sources */,
				B681351F2BF3A9A4009270E7 /* Game.swift in Sources */,
				B6574EE12BF7D57200F9B841 /* LocationManager.swift in Sources */,
				B63C09AD2BF4B0CD00B5EB34 /* GameRow.swift in Sources */,
				B69B595B2BF512B400B1D0DD /* GamesList.swift in Sources */,
				B68135162BF3A896009270E7 /* GameOptionsView.swift in Sources */,
				B6ACAE3C2BF247C200281285 /* dragonradarApp.swift in Sources */,
				B69B595C2BF512B800B1D0DD /* GameDetail.swift in Sources */,
				B6D1943B2BF751ED0062DADE /* MapView.swift in Sources */,
				B63C09A82BF4AC3100B5EB34 /* ModelData.swift in Sources */,
			);
			runOnlyForDeploymentPostprocessing = 0;
		};
/* End PBXSourcesBuildPhase section */

/* Begin PBXTargetDependency section */
		B6ACAE392BF247C200281285 /* PBXTargetDependency */ = {
			isa = PBXTargetDependency;
			platformFilter = ios;
			target = B6ACAE352BF247C200281285 /* dragonradar Watch App */;
			targetProxy = B6ACAE382BF247C200281285 /* PBXContainerItemProxy */;
		};
/* End PBXTargetDependency section */

/* Begin XCBuildConfiguration section */
		B6ACAE442BF247C300281285 /* Debug */ = {
			isa = XCBuildConfiguration;
			buildSettings = {
				ALWAYS_SEARCH_USER_PATHS = NO;
				ASSETCATALOG_COMPILER_GENERATE_SWIFT_ASSET_SYMBOL_EXTENSIONS = YES;
				CLANG_ANALYZER_NONNULL = YES;
				CLANG_ANALYZER_NUMBER_OBJECT_CONVERSION = YES_AGGRESSIVE;
				CLANG_CXX_LANGUAGE_STANDARD = "gnu++20";
				CLANG_ENABLE_MODULES = YES;
				CLANG_ENABLE_OBJC_ARC = YES;
				CLANG_ENABLE_OBJC_WEAK = YES;
				CLANG_WARN_BLOCK_CAPTURE_AUTORELEASING = YES;
				CLANG_WARN_BOOL_CONVERSION = YES;
				CLANG_WARN_COMMA = YES;
				CLANG_WARN_CONSTANT_CONVERSION = YES;
				CLANG_WARN_DEPRECATED_OBJC_IMPLEMENTATIONS = YES;
				CLANG_WARN_DIRECT_OBJC_ISA_USAGE = YES_ERROR;
				CLANG_WARN_DOCUMENTATION_COMMENTS = YES;
				CLANG_WARN_EMPTY_BODY = YES;
				CLANG_WARN_ENUM_CONVERSION = YES;
				CLANG_WARN_INFINITE_RECURSION = YES;
				CLANG_WARN_INT_CONVERSION = YES;
				CLANG_WARN_NON_LITERAL_NULL_CONVERSION = YES;
				CLANG_WARN_OBJC_IMPLICIT_RETAIN_SELF = YES;
				CLANG_WARN_OBJC_LITERAL_CONVERSION = YES;
				CLANG_WARN_OBJC_ROOT_CLASS = YES_ERROR;
				CLANG_WARN_QUOTED_INCLUDE_IN_FRAMEWORK_HEADER = YES;
				CLANG_WARN_RANGE_LOOP_ANALYSIS = YES;
				CLANG_WARN_STRICT_PROTOTYPES = YES;
				CLANG_WARN_SUSPICIOUS_MOVE = YES;
				CLANG_WARN_UNGUARDED_AVAILABILITY = YES_AGGRESSIVE;
				CLANG_WARN_UNREACHABLE_CODE = YES;
				CLANG_WARN__DUPLICATE_METHOD_MATCH = YES;
				COPY_PHASE_STRIP = NO;
				DEBUG_INFORMATION_FORMAT = dwarf;
				ENABLE_STRICT_OBJC_MSGSEND = YES;
				ENABLE_TESTABILITY = YES;
				ENABLE_USER_SCRIPT_SANDBOXING = YES;
				GCC_C_LANGUAGE_STANDARD = gnu17;
				GCC_DYNAMIC_NO_PIC = NO;
				GCC_NO_COMMON_BLOCKS = YES;
				GCC_OPTIMIZATION_LEVEL = 0;
				GCC_PREPROCESSOR_DEFINITIONS = (
					"DEBUG=1",
					"$(inherited)",
				);
				GCC_WARN_64_TO_32_BIT_CONVERSION = YES;
				GCC_WARN_ABOUT_RETURN_TYPE = YES_ERROR;
				GCC_WARN_UNDECLARED_SELECTOR = YES;
				GCC_WARN_UNINITIALIZED_AUTOS = YES_AGGRESSIVE;
				GCC_WARN_UNUSED_FUNCTION = YES;
				GCC_WARN_UNUSED_VARIABLE = YES;
				LOCALIZATION_PREFERS_STRING_CATALOGS = YES;
				MTL_ENABLE_DEBUG_INFO = INCLUDE_SOURCE;
				MTL_FAST_MATH = YES;
				ONLY_ACTIVE_ARCH = YES;
				SWIFT_ACTIVE_COMPILATION_CONDITIONS = "DEBUG $(inherited)";
				SWIFT_OPTIMIZATION_LEVEL = "-Onone";
			};
			name = Debug;
		};
		B6ACAE452BF247C300281285 /* Release */ = {
			isa = XCBuildConfiguration;
			buildSettings = {
				ALWAYS_SEARCH_USER_PATHS = NO;
				ASSETCATALOG_COMPILER_GENERATE_SWIFT_ASSET_SYMBOL_EXTENSIONS = YES;
				CLANG_ANALYZER_NONNULL = YES;
				CLANG_ANALYZER_NUMBER_OBJECT_CONVERSION = YES_AGGRESSIVE;
				CLANG_CXX_LANGUAGE_STANDARD = "gnu++20";
				CLANG_ENABLE_MODULES = YES;
				CLANG_ENABLE_OBJC_ARC = YES;
				CLANG_ENABLE_OBJC_WEAK = YES;
				CLANG_WARN_BLOCK_CAPTURE_AUTORELEASING = YES;
				CLANG_WARN_BOOL_CONVERSION = YES;
				CLANG_WARN_COMMA = YES;
				CLANG_WARN_CONSTANT_CONVERSION = YES;
				CLANG_WARN_DEPRECATED_OBJC_IMPLEMENTATIONS = YES;
				CLANG_WARN_DIRECT_OBJC_ISA_USAGE = YES_ERROR;
				CLANG_WARN_DOCUMENTATION_COMMENTS = YES;
				CLANG_WARN_EMPTY_BODY = YES;
				CLANG_WARN_ENUM_CONVERSION = YES;
				CLANG_WARN_INFINITE_RECURSION = YES;
				CLANG_WARN_INT_CONVERSION = YES;
				CLANG_WARN_NON_LITERAL_NULL_CONVERSION = YES;
				CLANG_WARN_OBJC_IMPLICIT_RETAIN_SELF = YES;
				CLANG_WARN_OBJC_LITERAL_CONVERSION = YES;
				CLANG_WARN_OBJC_ROOT_CLASS = YES_ERROR;
				CLANG_WARN_QUOTED_INCLUDE_IN_FRAMEWORK_HEADER = YES;
				CLANG_WARN_RANGE_LOOP_ANALYSIS = YES;
				CLANG_WARN_STRICT_PROTOTYPES = YES;
				CLANG_WARN_SUSPICIOUS_MOVE = YES;
				CLANG_WARN_UNGUARDED_AVAILABILITY = YES_AGGRESSIVE;
				CLANG_WARN_UNREACHABLE_CODE = YES;
				CLANG_WARN__DUPLICATE_METHOD_MATCH = YES;
				COPY_PHASE_STRIP = NO;
				DEBUG_INFORMATION_FORMAT = "dwarf-with-dsym";
				ENABLE_NS_ASSERTIONS = NO;
				ENABLE_STRICT_OBJC_MSGSEND = YES;
				ENABLE_USER_SCRIPT_SANDBOXING = YES;
				GCC_C_LANGUAGE_STANDARD = gnu17;
				GCC_NO_COMMON_BLOCKS = YES;
				GCC_WARN_64_TO_32_BIT_CONVERSION = YES;
				GCC_WARN_ABOUT_RETURN_TYPE = YES_ERROR;
				GCC_WARN_UNDECLARED_SELECTOR = YES;
				GCC_WARN_UNINITIALIZED_AUTOS = YES_AGGRESSIVE;
				GCC_WARN_UNUSED_FUNCTION = YES;
				GCC_WARN_UNUSED_VARIABLE = YES;
				LOCALIZATION_PREFERS_STRING_CATALOGS = YES;
				MTL_ENABLE_DEBUG_INFO = NO;
				MTL_FAST_MATH = YES;
				SWIFT_COMPILATION_MODE = wholemodule;
			};
			name = Release;
		};
		B6ACAE472BF247C300281285 /* Debug */ = {
			isa = XCBuildConfiguration;
			buildSettings = {
				ASSETCATALOG_COMPILER_APPICON_NAME = AppIcon;
				ASSETCATALOG_COMPILER_GLOBAL_ACCENT_COLOR_NAME = AccentColor;
				CODE_SIGN_STYLE = Automatic;
				CURRENT_PROJECT_VERSION = 1;
				DEVELOPMENT_ASSET_PATHS = "\"dragonradar Watch App/Preview Content\"";
				DEVELOPMENT_TEAM = "";
				ENABLE_PREVIEWS = YES;
				GENERATE_INFOPLIST_FILE = YES;
				INFOPLIST_KEY_CFBundleDisplayName = dragonradar;
				INFOPLIST_KEY_UISupportedInterfaceOrientations = "UIInterfaceOrientationPortrait UIInterfaceOrientationPortraitUpsideDown";
				INFOPLIST_KEY_WKCompanionAppBundleIdentifier = com.yuki.dragonradar;
				INFOPLIST_KEY_WKRunsIndependentlyOfCompanionApp = YES;
				LD_RUNPATH_SEARCH_PATHS = (
					"$(inherited)",
					"@executable_path/Frameworks",
				);
				MARKETING_VERSION = 1.0;
				PRODUCT_BUNDLE_IDENTIFIER = com.yuki.dragonradar.watchkitapp;
				PRODUCT_NAME = "$(TARGET_NAME)";
				SDKROOT = watchos;
				SKIP_INSTALL = YES;
				SWIFT_EMIT_LOC_STRINGS = YES;
				SWIFT_VERSION = 5.0;
				TARGETED_DEVICE_FAMILY = 4;
				WATCHOS_DEPLOYMENT_TARGET = 10.4;
			};
			name = Debug;
		};
		B6ACAE482BF247C300281285 /* Release */ = {
			isa = XCBuildConfiguration;
			buildSettings = {
				ASSETCATALOG_COMPILER_APPICON_NAME = AppIcon;
				ASSETCATALOG_COMPILER_GLOBAL_ACCENT_COLOR_NAME = AccentColor;
				CODE_SIGN_STYLE = Automatic;
				CURRENT_PROJECT_VERSION = 1;
				DEVELOPMENT_ASSET_PATHS = "\"dragonradar Watch App/Preview Content\"";
				DEVELOPMENT_TEAM = "";
				ENABLE_PREVIEWS = YES;
				GENERATE_INFOPLIST_FILE = YES;
				INFOPLIST_KEY_CFBundleDisplayName = dragonradar;
				INFOPLIST_KEY_UISupportedInterfaceOrientations = "UIInterfaceOrientationPortrait UIInterfaceOrientationPortraitUpsideDown";
				INFOPLIST_KEY_WKCompanionAppBundleIdentifier = com.yuki.dragonradar;
				INFOPLIST_KEY_WKRunsIndependentlyOfCompanionApp = YES;
				LD_RUNPATH_SEARCH_PATHS = (
					"$(inherited)",
					"@executable_path/Frameworks",
				);
				MARKETING_VERSION = 1.0;
				PRODUCT_BUNDLE_IDENTIFIER = com.yuki.dragonradar.watchkitapp;
				PRODUCT_NAME = "$(TARGET_NAME)";
				SDKROOT = watchos;
				SKIP_INSTALL = YES;
				SWIFT_EMIT_LOC_STRINGS = YES;
				SWIFT_VERSION = 5.0;
				TARGETED_DEVICE_FAMILY = 4;
				VALIDATE_PRODUCT = YES;
				WATCHOS_DEPLOYMENT_TARGET = 10.4;
			};
			name = Release;
		};
		B6ACAE4B2BF247C300281285 /* Debug */ = {
			isa = XCBuildConfiguration;
			buildSettings = {
				ALWAYS_EMBED_SWIFT_STANDARD_LIBRARIES = YES;
				ASSETCATALOG_COMPILER_APPICON_NAME = AppIcon;
				ASSETCATALOG_COMPILER_GLOBAL_ACCENT_COLOR_NAME = AccentColor;
				CODE_SIGN_ENTITLEMENTS = dragonradar/dragonradar.entitlements;
				CODE_SIGN_STYLE = Automatic;
				CURRENT_PROJECT_VERSION = 1;
				DEVELOPMENT_ASSET_PATHS = "\"dragonradar/Preview Content\"";
				DEVELOPMENT_TEAM = "";
				ENABLE_PREVIEWS = YES;
				GENERATE_INFOPLIST_FILE = YES;
				INFOPLIST_KEY_CFBundleDisplayName = dragonradar;
				INFOPLIST_KEY_LSApplicationCategoryType = "";
				INFOPLIST_KEY_NSLocationWhenInUseUsageDescription = "Necesitamos acceder a tu ubicación para mostrar el mapa.";
				INFOPLIST_KEY_UIApplicationSceneManifest_Generation = YES;
				INFOPLIST_KEY_UIApplicationSupportsIndirectInputEvents = YES;
				INFOPLIST_KEY_UILaunchScreen_Generation = YES;
				INFOPLIST_KEY_UISupportedInterfaceOrientations = "UIInterfaceOrientationLandscapeLeft UIInterfaceOrientationLandscapeRight UIInterfaceOrientationPortrait";
				INFOPLIST_KEY_UISupportedInterfaceOrientations_iPad = "UIInterfaceOrientationLandscapeLeft UIInterfaceOrientationLandscapeRight UIInterfaceOrientationPortrait UIInterfaceOrientationPortraitUpsideDown";
				IPHONEOS_DEPLOYMENT_TARGET = 17.4;
				LD_RUNPATH_SEARCH_PATHS = (
					"$(inherited)",
					"@executable_path/Frameworks",
				);
				MARKETING_VERSION = 1.0;
				PRODUCT_BUNDLE_IDENTIFIER = com.yuki.dragonradar;
				PRODUCT_NAME = "$(TARGET_NAME)";
				SDKROOT = iphoneos;
				SUPPORTED_PLATFORMS = "iphoneos iphonesimulator";
				SUPPORTS_MACCATALYST = NO;
				SUPPORTS_MAC_DESIGNED_FOR_IPHONE_IPAD = NO;
				SUPPORTS_XR_DESIGNED_FOR_IPHONE_IPAD = NO;
				SWIFT_EMIT_LOC_STRINGS = YES;
				SWIFT_VERSION = 5.0;
				TARGETED_DEVICE_FAMILY = "1,2";
			};
			name = Debug;
		};
		B6ACAE4C2BF247C300281285 /* Release */ = {
			isa = XCBuildConfiguration;
			buildSettings = {
				ALWAYS_EMBED_SWIFT_STANDARD_LIBRARIES = YES;
				ASSETCATALOG_COMPILER_APPICON_NAME = AppIcon;
				ASSETCATALOG_COMPILER_GLOBAL_ACCENT_COLOR_NAME = AccentColor;
				CODE_SIGN_ENTITLEMENTS = dragonradar/dragonradar.entitlements;
				CODE_SIGN_STYLE = Automatic;
				CURRENT_PROJECT_VERSION = 1;
				DEVELOPMENT_ASSET_PATHS = "\"dragonradar/Preview Content\"";
				DEVELOPMENT_TEAM = "";
				ENABLE_PREVIEWS = YES;
				GENERATE_INFOPLIST_FILE = YES;
				INFOPLIST_KEY_CFBundleDisplayName = dragonradar;
				INFOPLIST_KEY_LSApplicationCategoryType = "";
				INFOPLIST_KEY_NSLocationWhenInUseUsageDescription = "Necesitamos acceder a tu ubicación para mostrar el mapa.";
				INFOPLIST_KEY_UIApplicationSceneManifest_Generation = YES;
				INFOPLIST_KEY_UIApplicationSupportsIndirectInputEvents = YES;
				INFOPLIST_KEY_UILaunchScreen_Generation = YES;
				INFOPLIST_KEY_UISupportedInterfaceOrientations = "UIInterfaceOrientationLandscapeLeft UIInterfaceOrientationLandscapeRight UIInterfaceOrientationPortrait";
				INFOPLIST_KEY_UISupportedInterfaceOrientations_iPad = "UIInterfaceOrientationLandscapeLeft UIInterfaceOrientationLandscapeRight UIInterfaceOrientationPortrait UIInterfaceOrientationPortraitUpsideDown";
				IPHONEOS_DEPLOYMENT_TARGET = 17.4;
				LD_RUNPATH_SEARCH_PATHS = (
					"$(inherited)",
					"@executable_path/Frameworks",
				);
				MARKETING_VERSION = 1.0;
				PRODUCT_BUNDLE_IDENTIFIER = com.yuki.dragonradar;
				PRODUCT_NAME = "$(TARGET_NAME)";
				SDKROOT = iphoneos;
				SUPPORTED_PLATFORMS = "iphoneos iphonesimulator";
				SUPPORTS_MACCATALYST = NO;
				SUPPORTS_MAC_DESIGNED_FOR_IPHONE_IPAD = NO;
				SUPPORTS_XR_DESIGNED_FOR_IPHONE_IPAD = NO;
				SWIFT_EMIT_LOC_STRINGS = YES;
				SWIFT_VERSION = 5.0;
				TARGETED_DEVICE_FAMILY = "1,2";
				VALIDATE_PRODUCT = YES;
			};
			name = Release;
		};
/* End XCBuildConfiguration section */

/* Begin XCConfigurationList section */
		B6ACAE212BF247C100281285 /* Build configuration list for PBXProject "dragonradar" */ = {
			isa = XCConfigurationList;
			buildConfigurations = (
				B6ACAE442BF247C300281285 /* Debug */,
				B6ACAE452BF247C300281285 /* Release */,
			);
			defaultConfigurationIsVisible = 0;
			defaultConfigurationName = Release;
		};
		B6ACAE462BF247C300281285 /* Build configuration list for PBXNativeTarget "dragonradar Watch App" */ = {
			isa = XCConfigurationList;
			buildConfigurations = (
				B6ACAE472BF247C300281285 /* Debug */,
				B6ACAE482BF247C300281285 /* Release */,
			);
			defaultConfigurationIsVisible = 0;
			defaultConfigurationName = Release;
		};
		B6ACAE4A2BF247C300281285 /* Build configuration list for PBXNativeTarget "dragonradar" */ = {
			isa = XCConfigurationList;
			buildConfigurations = (
				B6ACAE4B2BF247C300281285 /* Debug */,
				B6ACAE4C2BF247C300281285 /* Release */,
			);
			defaultConfigurationIsVisible = 0;
			defaultConfigurationName = Release;
		};
/* End XCConfigurationList section */
	};
	rootObject = B6ACAE1E2BF247C100281285 /* Project object */;
}
